{
  "name": "delayed-exec",
  "version": "1.0.0",
  "lockfileVersion": 1,
  "requires": true,
  "dependencies": {
    "commands": {
      "version": "git+https://github.com/alexozornin/commands.git#446862b0b98b78179af288df1c82efacd05dcc81",
      "from": "git+https://github.com/alexozornin/commands.git"
    },
    "node-async-stdin": {
      "version": "git+https://github.com/alexozornin/node-async-stdin.git#96f612c018c79c8f2875d5777572838298c2548b",
      "from": "git+https://github.com/alexozornin/node-async-stdin.git"
    }
  }
}
